
Microsoft Visual Studio Solution File, Format Version 12.00
# Visual Studio 15
VisualStudioVersion = 15.0.27130.2036
MinimumVisualStudioVersion = 10.0.40219.1
Project("{9A19103F-16F7-4668-BE54-9A1E7A4F7556}") = "时间格式验证", "时间格式验证\时间格式验证.csproj", "{6318CDF9-B7F9-48BF-8D97-E23308EE06B4}"
EndProject
Project("{9A19103F-16F7-4668-BE54-9A1E7A4F7556}") = "线程ID验证", "线程ID验证\线程ID验证.csproj", "{9BD60779-D502-49B9-A098-FB897F4389CD}"
EndProject
Project("{9A19103F-16F7-4668-BE54-9A1E7A4F7556}") = "URL验证", "URL验证\URL验证.csproj", "{132629D3-AF69-461F-B3D3-DCD6FD17A783}"
EndProject
Project("{9A19103F-16F7-4668-BE54-9A1E7A4F7556}") = "链式编程在业务逻辑上的研究", "链式编程在业务逻辑上的研究\链式编程在业务逻辑上的研究.csproj", "{3F8E622B-4114-49B4-81D7-6CFBE0CAFC4D}"
EndProject
Project("{9A19103F-16F7-4668-BE54-9A1E7A4F7556}") = "AutoMapper学习与练习", "AutoMapper学习与练习\AutoMapper学习与练习.csproj", "{1EC3187F-7E0E-4093-A647-8FA5A56D09B6}"
EndProject
Project("{9A19103F-16F7-4668-BE54-9A1E7A4F7556}") = "反射验证", "反射验证\反射验证.csproj", "{A169CFD7-26A2-49D6-8F4B-F6ABE6864BA4}"
EndProject
Project("{9A19103F-16F7-4668-BE54-9A1E7A4F7556}") = "Nair研究与Core库使用", "Nair研究\Nair研究与Core库使用.csproj", "{DC275F05-CAEA-4E7C-9E45-AE14676F7589}"
EndProject
Project("{9A19103F-16F7-4668-BE54-9A1E7A4F7556}") = "获取当前路径的方法", "获取当前路径的方法\获取当前路径的方法.csproj", "{6C34A738-375A-4EBA-8EC5-14347FABB0F3}"
EndProject
Project("{FAE04EC0-301F-11D3-BF4B-00C04F79EFBC}") = "批量替换", "批量替换\批量替换.csproj", "{D7DC1D31-8F06-402C-9BA9-2ECAC8859B1E}"
EndProject
Project("{9A19103F-16F7-4668-BE54-9A1E7A4F7556}") = "ToXml研究", "ToXml研究\ToXml研究.csproj", "{9CB7A1E6-E1DC-49F5-855F-4F50753D6D2E}"
EndProject
Project("{9A19103F-16F7-4668-BE54-9A1E7A4F7556}") = "动态添加Attribute", "动态添加Attribute\动态添加Attribute.csproj", "{CCA0E349-AB8C-4B34-BB04-1D919C3C4A8D}"
EndProject
Project("{FAE04EC0-301F-11D3-BF4B-00C04F79EFBC}") = "Http2研究", "Http2研究\Http2研究.csproj", "{10976654-888D-483C-9FF9-0191AA548C3C}"
EndProject
Project("{FAE04EC0-301F-11D3-BF4B-00C04F79EFBC}") = "动态添加Attribute2", "动态添加Attribute2\动态添加Attribute2.csproj", "{6469EDE0-591D-4947-98F8-4F709EF2793C}"
EndProject
Global
	GlobalSection(SolutionConfigurationPlatforms) = preSolution
		Debug|Any CPU = Debug|Any CPU
		Release|Any CPU = Release|Any CPU
	EndGlobalSection
	GlobalSection(ProjectConfigurationPlatforms) = postSolution
		{6318CDF9-B7F9-48BF-8D97-E23308EE06B4}.Debug|Any CPU.ActiveCfg = Debug|Any CPU
		{6318CDF9-B7F9-48BF-8D97-E23308EE06B4}.Debug|Any CPU.Build.0 = Debug|Any CPU
		{6318CDF9-B7F9-48BF-8D97-E23308EE06B4}.Release|Any CPU.ActiveCfg = Release|Any CPU
		{6318CDF9-B7F9-48BF-8D97-E23308EE06B4}.Release|Any CPU.Build.0 = Release|Any CPU
		{9BD60779-D502-49B9-A098-FB897F4389CD}.Debug|Any CPU.ActiveCfg = Debug|Any CPU
		{9BD60779-D502-49B9-A098-FB897F4389CD}.Debug|Any CPU.Build.0 = Debug|Any CPU
		{9BD60779-D502-49B9-A098-FB897F4389CD}.Release|Any CPU.ActiveCfg = Release|Any CPU
		{9BD60779-D502-49B9-A098-FB897F4389CD}.Release|Any CPU.Build.0 = Release|Any CPU
		{132629D3-AF69-461F-B3D3-DCD6FD17A783}.Debug|Any CPU.ActiveCfg = Debug|Any CPU
		{132629D3-AF69-461F-B3D3-DCD6FD17A783}.Debug|Any CPU.Build.0 = Debug|Any CPU
		{132629D3-AF69-461F-B3D3-DCD6FD17A783}.Release|Any CPU.ActiveCfg = Release|Any CPU
		{132629D3-AF69-461F-B3D3-DCD6FD17A783}.Release|Any CPU.Build.0 = Release|Any CPU
		{3F8E622B-4114-49B4-81D7-6CFBE0CAFC4D}.Debug|Any CPU.ActiveCfg = Debug|Any CPU
		{3F8E622B-4114-49B4-81D7-6CFBE0CAFC4D}.Debug|Any CPU.Build.0 = Debug|Any CPU
		{3F8E622B-4114-49B4-81D7-6CFBE0CAFC4D}.Release|Any CPU.ActiveCfg = Release|Any CPU
		{3F8E622B-4114-49B4-81D7-6CFBE0CAFC4D}.Release|Any CPU.Build.0 = Release|Any CPU
		{1EC3187F-7E0E-4093-A647-8FA5A56D09B6}.Debug|Any CPU.ActiveCfg = Debug|Any CPU
		{1EC3187F-7E0E-4093-A647-8FA5A56D09B6}.Debug|Any CPU.Build.0 = Debug|Any CPU
		{1EC3187F-7E0E-4093-A647-8FA5A56D09B6}.Release|Any CPU.ActiveCfg = Release|Any CPU
		{1EC3187F-7E0E-4093-A647-8FA5A56D09B6}.Release|Any CPU.Build.0 = Release|Any CPU
		{A169CFD7-26A2-49D6-8F4B-F6ABE6864BA4}.Debug|Any CPU.ActiveCfg = Debug|Any CPU
		{A169CFD7-26A2-49D6-8F4B-F6ABE6864BA4}.Debug|Any CPU.Build.0 = Debug|Any CPU
		{A169CFD7-26A2-49D6-8F4B-F6ABE6864BA4}.Release|Any CPU.ActiveCfg = Release|Any CPU
		{A169CFD7-26A2-49D6-8F4B-F6ABE6864BA4}.Release|Any CPU.Build.0 = Release|Any CPU
		{DC275F05-CAEA-4E7C-9E45-AE14676F7589}.Debug|Any CPU.ActiveCfg = Debug|Any CPU
		{DC275F05-CAEA-4E7C-9E45-AE14676F7589}.Debug|Any CPU.Build.0 = Debug|Any CPU
		{DC275F05-CAEA-4E7C-9E45-AE14676F7589}.Release|Any CPU.ActiveCfg = Release|Any CPU
		{DC275F05-CAEA-4E7C-9E45-AE14676F7589}.Release|Any CPU.Build.0 = Release|Any CPU
		{6C34A738-375A-4EBA-8EC5-14347FABB0F3}.Debug|Any CPU.ActiveCfg = Debug|Any CPU
		{6C34A738-375A-4EBA-8EC5-14347FABB0F3}.Debug|Any CPU.Build.0 = Debug|Any CPU
		{6C34A738-375A-4EBA-8EC5-14347FABB0F3}.Release|Any CPU.ActiveCfg = Release|Any CPU
		{6C34A738-375A-4EBA-8EC5-14347FABB0F3}.Release|Any CPU.Build.0 = Release|Any CPU
		{D7DC1D31-8F06-402C-9BA9-2ECAC8859B1E}.Debug|Any CPU.ActiveCfg = Debug|Any CPU
		{D7DC1D31-8F06-402C-9BA9-2ECAC8859B1E}.Debug|Any CPU.Build.0 = Debug|Any CPU
		{D7DC1D31-8F06-402C-9BA9-2ECAC8859B1E}.Release|Any CPU.ActiveCfg = Release|Any CPU
		{D7DC1D31-8F06-402C-9BA9-2ECAC8859B1E}.Release|Any CPU.Build.0 = Release|Any CPU
		{9CB7A1E6-E1DC-49F5-855F-4F50753D6D2E}.Debug|Any CPU.ActiveCfg = Debug|Any CPU
		{9CB7A1E6-E1DC-49F5-855F-4F50753D6D2E}.Debug|Any CPU.Build.0 = Debug|Any CPU
		{9CB7A1E6-E1DC-49F5-855F-4F50753D6D2E}.Release|Any CPU.ActiveCfg = Release|Any CPU
		{9CB7A1E6-E1DC-49F5-855F-4F50753D6D2E}.Release|Any CPU.Build.0 = Release|Any CPU
		{CCA0E349-AB8C-4B34-BB04-1D919C3C4A8D}.Debug|Any CPU.ActiveCfg = Debug|Any CPU
		{CCA0E349-AB8C-4B34-BB04-1D919C3C4A8D}.Debug|Any CPU.Build.0 = Debug|Any CPU
		{CCA0E349-AB8C-4B34-BB04-1D919C3C4A8D}.Release|Any CPU.ActiveCfg = Release|Any CPU
		{CCA0E349-AB8C-4B34-BB04-1D919C3C4A8D}.Release|Any CPU.Build.0 = Release|Any CPU
		{10976654-888D-483C-9FF9-0191AA548C3C}.Debug|Any CPU.ActiveCfg = Debug|Any CPU
		{10976654-888D-483C-9FF9-0191AA548C3C}.Debug|Any CPU.Build.0 = Debug|Any CPU
		{10976654-888D-483C-9FF9-0191AA548C3C}.Release|Any CPU.ActiveCfg = Release|Any CPU
		{10976654-888D-483C-9FF9-0191AA548C3C}.Release|Any CPU.Build.0 = Release|Any CPU
		{6469EDE0-591D-4947-98F8-4F709EF2793C}.Debug|Any CPU.ActiveCfg = Debug|Any CPU
		{6469EDE0-591D-4947-98F8-4F709EF2793C}.Debug|Any CPU.Build.0 = Debug|Any CPU
		{6469EDE0-591D-4947-98F8-4F709EF2793C}.Release|Any CPU.ActiveCfg = Release|Any CPU
		{6469EDE0-591D-4947-98F8-4F709EF2793C}.Release|Any CPU.Build.0 = Release|Any CPU
	EndGlobalSection
	GlobalSection(SolutionProperties) = preSolution
		HideSolutionNode = FALSE
	EndGlobalSection
	GlobalSection(ExtensibilityGlobals) = postSolution
		SolutionGuid = {AB04A57E-6447-4E76-862D-5D1B1638F2B6}
	EndGlobalSection
EndGlobal
