
Microsoft Visual Studio Solution File, Format Version 12.00
# Visual Studio Version 16
VisualStudioVersion = 16.0.28729.10
MinimumVisualStudioVersion = 10.0.40219.1
Project("{9A19103F-16F7-4668-BE54-9A1E7A4F7556}") = "链式编程在业务逻辑上的研究", "需要Web项目的验证\链式编程在业务逻辑上的研究\链式编程在业务逻辑上的研究.csproj", "{3F8E622B-4114-49B4-81D7-6CFBE0CAFC4D}"
EndProject
Project("{9A19103F-16F7-4668-BE54-9A1E7A4F7556}") = "AutoMapper学习与练习", "需要Web项目的验证\AutoMapper学习与练习\AutoMapper学习与练习.csproj", "{1EC3187F-7E0E-4093-A647-8FA5A56D09B6}"
EndProject
Project("{9A19103F-16F7-4668-BE54-9A1E7A4F7556}") = "技术点验证", "技术点验证\技术点验证.csproj", "{3D961354-044C-4EFC-B8DF-58ACEDFB3EF1}"
EndProject
Project("{9A19103F-16F7-4668-BE54-9A1E7A4F7556}") = "语法验证与学习", "语法验证与学习\语法验证与学习.csproj", "{FB6AAA31-45A8-456F-9B25-B6D6E44B0FE0}"
EndProject
Project("{9A19103F-16F7-4668-BE54-9A1E7A4F7556}") = "Verification.Core", "Verification.Core\Verification.Core.csproj", "{0EAC5E7B-2F5B-43AB-AB0F-6B3ED3748605}"
EndProject
Project("{2150E333-8FDC-42A3-9474-1A3956D46DE8}") = "需要Web项目的验证", "需要Web项目的验证", "{A6AACA52-E03D-4819-A6C8-0CB2E7C0CFFD}"
EndProject
Project("{2150E333-8FDC-42A3-9474-1A3956D46DE8}") = "工具", "工具", "{A072151E-59ED-430D-942D-099DAB18A85A}"
EndProject
Project("{9A19103F-16F7-4668-BE54-9A1E7A4F7556}") = "批量替换", "工具\批量替换\批量替换.csproj", "{97220B9C-0690-46F8-9875-D90CC1A82F36}"
EndProject
Project("{6EC3EE1D-3C4E-46DD-8F32-0CC8E7565705}") = "Fsharp学习", "Fsharp学习\Fsharp学习.fsproj", "{3BBC3F70-A375-4281-B68B-F349269B76F5}"
EndProject
Project("{2150E333-8FDC-42A3-9474-1A3956D46DE8}") = "Solution Items", "Solution Items", "{67F897C0-69F5-4C36-9EEB-A4FD3D0CA58F}"
	ProjectSection(SolutionItems) = preProject
		未填的坑.txt = 未填的坑.txt
	EndProjectSection
EndProject
Project("{FAE04EC0-301F-11D3-BF4B-00C04F79EFBC}") = "资料", "资料\资料.csproj", "{A5DA441D-F0BB-42F8-BD6D-48117CBE4172}"
EndProject
Project("{FAE04EC0-301F-11D3-BF4B-00C04F79EFBC}") = "堆栈信息格式化", "工具\堆栈信息格式化\堆栈信息格式化.csproj", "{E9EFB88A-B170-4AFB-ABD1-296794375133}"
EndProject
Project("{9A19103F-16F7-4668-BE54-9A1E7A4F7556}") = "Verification.Core.Test", "Verification.Core.Test\Verification.Core.Test.csproj", "{1F248EF4-EC62-4F3B-B731-C183A8020ED6}"
EndProject
Global
	GlobalSection(SolutionConfigurationPlatforms) = preSolution
		Debug|Any CPU = Debug|Any CPU
		Debug|x64 = Debug|x64
		Release|Any CPU = Release|Any CPU
		Release|x64 = Release|x64
	EndGlobalSection
	GlobalSection(ProjectConfigurationPlatforms) = postSolution
		{3F8E622B-4114-49B4-81D7-6CFBE0CAFC4D}.Debug|Any CPU.ActiveCfg = Debug|Any CPU
		{3F8E622B-4114-49B4-81D7-6CFBE0CAFC4D}.Debug|Any CPU.Build.0 = Debug|Any CPU
		{3F8E622B-4114-49B4-81D7-6CFBE0CAFC4D}.Debug|x64.ActiveCfg = Debug|Any CPU
		{3F8E622B-4114-49B4-81D7-6CFBE0CAFC4D}.Debug|x64.Build.0 = Debug|Any CPU
		{3F8E622B-4114-49B4-81D7-6CFBE0CAFC4D}.Release|Any CPU.ActiveCfg = Release|Any CPU
		{3F8E622B-4114-49B4-81D7-6CFBE0CAFC4D}.Release|Any CPU.Build.0 = Release|Any CPU
		{3F8E622B-4114-49B4-81D7-6CFBE0CAFC4D}.Release|x64.ActiveCfg = Release|Any CPU
		{3F8E622B-4114-49B4-81D7-6CFBE0CAFC4D}.Release|x64.Build.0 = Release|Any CPU
		{1EC3187F-7E0E-4093-A647-8FA5A56D09B6}.Debug|Any CPU.ActiveCfg = Debug|Any CPU
		{1EC3187F-7E0E-4093-A647-8FA5A56D09B6}.Debug|Any CPU.Build.0 = Debug|Any CPU
		{1EC3187F-7E0E-4093-A647-8FA5A56D09B6}.Debug|x64.ActiveCfg = Debug|Any CPU
		{1EC3187F-7E0E-4093-A647-8FA5A56D09B6}.Debug|x64.Build.0 = Debug|Any CPU
		{1EC3187F-7E0E-4093-A647-8FA5A56D09B6}.Release|Any CPU.ActiveCfg = Release|Any CPU
		{1EC3187F-7E0E-4093-A647-8FA5A56D09B6}.Release|Any CPU.Build.0 = Release|Any CPU
		{1EC3187F-7E0E-4093-A647-8FA5A56D09B6}.Release|x64.ActiveCfg = Release|Any CPU
		{1EC3187F-7E0E-4093-A647-8FA5A56D09B6}.Release|x64.Build.0 = Release|Any CPU
		{3D961354-044C-4EFC-B8DF-58ACEDFB3EF1}.Debug|Any CPU.ActiveCfg = Debug|Any CPU
		{3D961354-044C-4EFC-B8DF-58ACEDFB3EF1}.Debug|Any CPU.Build.0 = Debug|Any CPU
		{3D961354-044C-4EFC-B8DF-58ACEDFB3EF1}.Debug|x64.ActiveCfg = Debug|Any CPU
		{3D961354-044C-4EFC-B8DF-58ACEDFB3EF1}.Debug|x64.Build.0 = Debug|Any CPU
		{3D961354-044C-4EFC-B8DF-58ACEDFB3EF1}.Release|Any CPU.ActiveCfg = Release|Any CPU
		{3D961354-044C-4EFC-B8DF-58ACEDFB3EF1}.Release|Any CPU.Build.0 = Release|Any CPU
		{3D961354-044C-4EFC-B8DF-58ACEDFB3EF1}.Release|x64.ActiveCfg = Release|Any CPU
		{3D961354-044C-4EFC-B8DF-58ACEDFB3EF1}.Release|x64.Build.0 = Release|Any CPU
		{FB6AAA31-45A8-456F-9B25-B6D6E44B0FE0}.Debug|Any CPU.ActiveCfg = Debug|Any CPU
		{FB6AAA31-45A8-456F-9B25-B6D6E44B0FE0}.Debug|Any CPU.Build.0 = Debug|Any CPU
		{FB6AAA31-45A8-456F-9B25-B6D6E44B0FE0}.Debug|x64.ActiveCfg = Debug|Any CPU
		{FB6AAA31-45A8-456F-9B25-B6D6E44B0FE0}.Debug|x64.Build.0 = Debug|Any CPU
		{FB6AAA31-45A8-456F-9B25-B6D6E44B0FE0}.Release|Any CPU.ActiveCfg = Release|Any CPU
		{FB6AAA31-45A8-456F-9B25-B6D6E44B0FE0}.Release|Any CPU.Build.0 = Release|Any CPU
		{FB6AAA31-45A8-456F-9B25-B6D6E44B0FE0}.Release|x64.ActiveCfg = Release|Any CPU
		{FB6AAA31-45A8-456F-9B25-B6D6E44B0FE0}.Release|x64.Build.0 = Release|Any CPU
		{0EAC5E7B-2F5B-43AB-AB0F-6B3ED3748605}.Debug|Any CPU.ActiveCfg = Debug|Any CPU
		{0EAC5E7B-2F5B-43AB-AB0F-6B3ED3748605}.Debug|Any CPU.Build.0 = Debug|Any CPU
		{0EAC5E7B-2F5B-43AB-AB0F-6B3ED3748605}.Debug|x64.ActiveCfg = Debug|Any CPU
		{0EAC5E7B-2F5B-43AB-AB0F-6B3ED3748605}.Debug|x64.Build.0 = Debug|Any CPU
		{0EAC5E7B-2F5B-43AB-AB0F-6B3ED3748605}.Release|Any CPU.ActiveCfg = Release|Any CPU
		{0EAC5E7B-2F5B-43AB-AB0F-6B3ED3748605}.Release|Any CPU.Build.0 = Release|Any CPU
		{0EAC5E7B-2F5B-43AB-AB0F-6B3ED3748605}.Release|x64.ActiveCfg = Release|Any CPU
		{0EAC5E7B-2F5B-43AB-AB0F-6B3ED3748605}.Release|x64.Build.0 = Release|Any CPU
		{97220B9C-0690-46F8-9875-D90CC1A82F36}.Debug|Any CPU.ActiveCfg = Debug|Any CPU
		{97220B9C-0690-46F8-9875-D90CC1A82F36}.Debug|Any CPU.Build.0 = Debug|Any CPU
		{97220B9C-0690-46F8-9875-D90CC1A82F36}.Debug|x64.ActiveCfg = Debug|Any CPU
		{97220B9C-0690-46F8-9875-D90CC1A82F36}.Debug|x64.Build.0 = Debug|Any CPU
		{97220B9C-0690-46F8-9875-D90CC1A82F36}.Release|Any CPU.ActiveCfg = Release|Any CPU
		{97220B9C-0690-46F8-9875-D90CC1A82F36}.Release|Any CPU.Build.0 = Release|Any CPU
		{97220B9C-0690-46F8-9875-D90CC1A82F36}.Release|x64.ActiveCfg = Release|Any CPU
		{97220B9C-0690-46F8-9875-D90CC1A82F36}.Release|x64.Build.0 = Release|Any CPU
		{3BBC3F70-A375-4281-B68B-F349269B76F5}.Debug|Any CPU.ActiveCfg = Debug|Any CPU
		{3BBC3F70-A375-4281-B68B-F349269B76F5}.Debug|Any CPU.Build.0 = Debug|Any CPU
		{3BBC3F70-A375-4281-B68B-F349269B76F5}.Debug|x64.ActiveCfg = Debug|Any CPU
		{3BBC3F70-A375-4281-B68B-F349269B76F5}.Debug|x64.Build.0 = Debug|Any CPU
		{3BBC3F70-A375-4281-B68B-F349269B76F5}.Release|Any CPU.ActiveCfg = Release|Any CPU
		{3BBC3F70-A375-4281-B68B-F349269B76F5}.Release|Any CPU.Build.0 = Release|Any CPU
		{3BBC3F70-A375-4281-B68B-F349269B76F5}.Release|x64.ActiveCfg = Release|Any CPU
		{3BBC3F70-A375-4281-B68B-F349269B76F5}.Release|x64.Build.0 = Release|Any CPU
		{A5DA441D-F0BB-42F8-BD6D-48117CBE4172}.Debug|Any CPU.ActiveCfg = Debug|Any CPU
		{A5DA441D-F0BB-42F8-BD6D-48117CBE4172}.Debug|Any CPU.Build.0 = Debug|Any CPU
		{A5DA441D-F0BB-42F8-BD6D-48117CBE4172}.Debug|x64.ActiveCfg = Debug|Any CPU
		{A5DA441D-F0BB-42F8-BD6D-48117CBE4172}.Debug|x64.Build.0 = Debug|Any CPU
		{A5DA441D-F0BB-42F8-BD6D-48117CBE4172}.Release|Any CPU.ActiveCfg = Release|Any CPU
		{A5DA441D-F0BB-42F8-BD6D-48117CBE4172}.Release|Any CPU.Build.0 = Release|Any CPU
		{A5DA441D-F0BB-42F8-BD6D-48117CBE4172}.Release|x64.ActiveCfg = Release|Any CPU
		{A5DA441D-F0BB-42F8-BD6D-48117CBE4172}.Release|x64.Build.0 = Release|Any CPU
		{E9EFB88A-B170-4AFB-ABD1-296794375133}.Debug|Any CPU.ActiveCfg = Debug|Any CPU
		{E9EFB88A-B170-4AFB-ABD1-296794375133}.Debug|Any CPU.Build.0 = Debug|Any CPU
		{E9EFB88A-B170-4AFB-ABD1-296794375133}.Debug|x64.ActiveCfg = Debug|Any CPU
		{E9EFB88A-B170-4AFB-ABD1-296794375133}.Debug|x64.Build.0 = Debug|Any CPU
		{E9EFB88A-B170-4AFB-ABD1-296794375133}.Release|Any CPU.ActiveCfg = Release|Any CPU
		{E9EFB88A-B170-4AFB-ABD1-296794375133}.Release|Any CPU.Build.0 = Release|Any CPU
		{E9EFB88A-B170-4AFB-ABD1-296794375133}.Release|x64.ActiveCfg = Release|Any CPU
		{E9EFB88A-B170-4AFB-ABD1-296794375133}.Release|x64.Build.0 = Release|Any CPU
		{1F248EF4-EC62-4F3B-B731-C183A8020ED6}.Debug|Any CPU.ActiveCfg = Debug|Any CPU
		{1F248EF4-EC62-4F3B-B731-C183A8020ED6}.Debug|Any CPU.Build.0 = Debug|Any CPU
		{1F248EF4-EC62-4F3B-B731-C183A8020ED6}.Debug|x64.ActiveCfg = Debug|Any CPU
		{1F248EF4-EC62-4F3B-B731-C183A8020ED6}.Debug|x64.Build.0 = Debug|Any CPU
		{1F248EF4-EC62-4F3B-B731-C183A8020ED6}.Release|Any CPU.ActiveCfg = Release|Any CPU
		{1F248EF4-EC62-4F3B-B731-C183A8020ED6}.Release|Any CPU.Build.0 = Release|Any CPU
		{1F248EF4-EC62-4F3B-B731-C183A8020ED6}.Release|x64.ActiveCfg = Release|Any CPU
		{1F248EF4-EC62-4F3B-B731-C183A8020ED6}.Release|x64.Build.0 = Release|Any CPU
	EndGlobalSection
	GlobalSection(SolutionProperties) = preSolution
		HideSolutionNode = FALSE
	EndGlobalSection
	GlobalSection(NestedProjects) = preSolution
		{3F8E622B-4114-49B4-81D7-6CFBE0CAFC4D} = {A6AACA52-E03D-4819-A6C8-0CB2E7C0CFFD}
		{1EC3187F-7E0E-4093-A647-8FA5A56D09B6} = {A6AACA52-E03D-4819-A6C8-0CB2E7C0CFFD}
		{97220B9C-0690-46F8-9875-D90CC1A82F36} = {A072151E-59ED-430D-942D-099DAB18A85A}
		{E9EFB88A-B170-4AFB-ABD1-296794375133} = {A072151E-59ED-430D-942D-099DAB18A85A}
	EndGlobalSection
	GlobalSection(ExtensibilityGlobals) = postSolution
		SolutionGuid = {AB04A57E-6447-4E76-862D-5D1B1638F2B6}
	EndGlobalSection
EndGlobal
